
Microsoft Visual Studio Solution File, Format Version 12.00
# Visual Studio Version 17
VisualStudioVersion = 17.6.33829.357
MinimumVisualStudioVersion = 10.0.40219.1
Project("{9A19103F-16F7-4668-BE54-9A1E7A4F7556}") = "A_LECXIAPP", "LexiApp\A_LECXIAPP.csproj", "{3D9884C5-7324-456A-AE52-018D10432965}"
EndProject
Project("{9A19103F-16F7-4668-BE54-9A1E7A4F7556}") = "Repository", "Repository\Repository.csproj", "{F3AC85DA-5730-474F-8372-EBC484EC725F}"
EndProject
Global
	GlobalSection(SolutionConfigurationPlatforms) = preSolution
		Debug|Any CPU = Debug|Any CPU
		Release|Any CPU = Release|Any CPU
	EndGlobalSection
	GlobalSection(ProjectConfigurationPlatforms) = postSolution
		{3D9884C5-7324-456A-AE52-018D10432965}.Debug|Any CPU.ActiveCfg = Debug|Any CPU
		{3D9884C5-7324-456A-AE52-018D10432965}.Debug|Any CPU.Build.0 = Debug|Any CPU
		{3D9884C5-7324-456A-AE52-018D10432965}.Release|Any CPU.ActiveCfg = Release|Any CPU
		{3D9884C5-7324-456A-AE52-018D10432965}.Release|Any CPU.Build.0 = Release|Any CPU
		{F3AC85DA-5730-474F-8372-EBC484EC725F}.Debug|Any CPU.ActiveCfg = Debug|Any CPU
		{F3AC85DA-5730-474F-8372-EBC484EC725F}.Debug|Any CPU.Build.0 = Debug|Any CPU
		{F3AC85DA-5730-474F-8372-EBC484EC725F}.Release|Any CPU.ActiveCfg = Release|Any CPU
		{F3AC85DA-5730-474F-8372-EBC484EC725F}.Release|Any CPU.Build.0 = Release|Any CPU
	EndGlobalSection
	GlobalSection(SolutionProperties) = preSolution
		HideSolutionNode = FALSE
	EndGlobalSection
	GlobalSection(ExtensibilityGlobals) = postSolution
		SolutionGuid = {E2BEC46A-313D-4173-835F-7DF4357D596E}
	EndGlobalSection
EndGlobal
